// !$*UTF8*$!
{
	archiveVersion = 1;
	classes = {
	};
	objectVersion = 55;
	objects = {

/* Begin PBXBuildFile section */
		92455DC2282E380A00FCD2F3 /* AppDelegate.swift in Sources */ = {isa = PBXBuildFile; fileRef = 92455DC1282E380A00FCD2F3 /* AppDelegate.swift */; };
		92455DC4282E380A00FCD2F3 /* SceneDelegate.swift in Sources */ = {isa = PBXBuildFile; fileRef = 92455DC3282E380A00FCD2F3 /* SceneDelegate.swift */; };
		92455DC6282E380A00FCD2F3 /* ViewController.swift in Sources */ = {isa = PBXBuildFile; fileRef = 92455DC5282E380A00FCD2F3 /* ViewController.swift */; };
		92455DC9282E380A00FCD2F3 /* Main.storyboard in Resources */ = {isa = PBXBuildFile; fileRef = 92455DC7282E380A00FCD2F3 /* Main.storyboard */; };
		92455DCB282E380B00FCD2F3 /* Assets.xcassets in Resources */ = {isa = PBXBuildFile; fileRef = 92455DCA282E380B00FCD2F3 /* Assets.xcassets */; };
		92455DCE282E380B00FCD2F3 /* LaunchScreen.storyboard in Resources */ = {isa = PBXBuildFile; fileRef = 92455DCC282E380B00FCD2F3 /* LaunchScreen.storyboard */; };
		92455DD6282E43FE00FCD2F3 /* LoginViewController.swift in Sources */ = {isa = PBXBuildFile; fileRef = 92455DD5282E43FE00FCD2F3 /* LoginViewController.swift */; };
		92455DD8282E89F800FCD2F3 /* LoginJoinViewController.swift in Sources */ = {isa = PBXBuildFile; fileRef = 92455DD7282E89F800FCD2F3 /* LoginJoinViewController.swift */; };
		92455DDA282E989B00FCD2F3 /* SearchViewController.swift in Sources */ = {isa = PBXBuildFile; fileRef = 92455DD9282E989B00FCD2F3 /* SearchViewController.swift */; };
		92455DDC282E9CE000FCD2F3 /* HomeViewController.swift in Sources */ = {isa = PBXBuildFile; fileRef = 92455DDB282E9CE000FCD2F3 /* HomeViewController.swift */; };
		92455DE0282EAF3700FCD2F3 /* Pods_wavve.framework in Frameworks */ = {isa = PBXBuildFile; fileRef = 92455DDF282EAF3700FCD2F3 /* Pods_wavve.framework */; };
		92455DE1282EAF3700FCD2F3 /* Pods_wavve.framework in Embed Frameworks */ = {isa = PBXBuildFile; fileRef = 92455DDF282EAF3700FCD2F3 /* Pods_wavve.framework */; settings = {ATTRIBUTES = (CodeSignOnCopy, RemoveHeadersOnCopy, ); }; };
		92455DE42830FF8E00FCD2F3 /* CollectionViewCell1.swift in Sources */ = {isa = PBXBuildFile; fileRef = 92455DE32830FF8E00FCD2F3 /* CollectionViewCell1.swift */; };
		92455DE62831060100FCD2F3 /* Movie.swift in Sources */ = {isa = PBXBuildFile; fileRef = 92455DE52831060100FCD2F3 /* Movie.swift */; };
		92455DE92831497F00FCD2F3 /* TV.swift in Sources */ = {isa = PBXBuildFile; fileRef = 92455DE82831497F00FCD2F3 /* TV.swift */; };
		92455DEB28315FC800FCD2F3 /* CollectionViewCell2.swift in Sources */ = {isa = PBXBuildFile; fileRef = 92455DEA28315FC800FCD2F3 /* CollectionViewCell2.swift */; };
		92455DED283166E700FCD2F3 /* DetailViewController.swift in Sources */ = {isa = PBXBuildFile; fileRef = 92455DEC283166E700FCD2F3 /* DetailViewController.swift */; };
/* End PBXBuildFile section */

/* Begin PBXCopyFilesBuildPhase section */
		92455DE2282EAF3700FCD2F3 /* Embed Frameworks */ = {
			isa = PBXCopyFilesBuildPhase;
			buildActionMask = 2147483647;
			dstPath = "";
			dstSubfolderSpec = 10;
			files = (
				92455DE1282EAF3700FCD2F3 /* Pods_wavve.framework in Embed Frameworks */,
			);
			name = "Embed Frameworks";
			runOnlyForDeploymentPostprocessing = 0;
		};
/* End PBXCopyFilesBuildPhase section */

/* Begin PBXFileReference section */
		92455DBE282E380A00FCD2F3 /* wavve.app */ = {isa = PBXFileReference; explicitFileType = wrapper.application; includeInIndex = 0; path = wavve.app; sourceTree = BUILT_PRODUCTS_DIR; };
		92455DC1282E380A00FCD2F3 /* AppDelegate.swift */ = {isa = PBXFileReference; lastKnownFileType = sourcecode.swift; path = AppDelegate.swift; sourceTree = "<group>"; };
		92455DC3282E380A00FCD2F3 /* SceneDelegate.swift */ = {isa = PBXFileReference; lastKnownFileType = sourcecode.swift; path = SceneDelegate.swift; sourceTree = "<group>"; };
		92455DC5282E380A00FCD2F3 /* ViewController.swift */ = {isa = PBXFileReference; lastKnownFileType = sourcecode.swift; path = ViewController.swift; sourceTree = "<group>"; };
		92455DC8282E380A00FCD2F3 /* Base */ = {isa = PBXFileReference; lastKnownFileType = file.storyboard; name = Base; path = Base.lproj/Main.storyboard; sourceTree = "<group>"; };
		92455DCA282E380B00FCD2F3 /* Assets.xcassets */ = {isa = PBXFileReference; lastKnownFileType = folder.assetcatalog; path = Assets.xcassets; sourceTree = "<group>"; };
		92455DCD282E380B00FCD2F3 /* Base */ = {isa = PBXFileReference; lastKnownFileType = file.storyboard; name = Base; path = Base.lproj/LaunchScreen.storyboard; sourceTree = "<group>"; };
		92455DCF282E380B00FCD2F3 /* Info.plist */ = {isa = PBXFileReference; lastKnownFileType = text.plist.xml; path = Info.plist; sourceTree = "<group>"; };
		92455DD5282E43FE00FCD2F3 /* LoginViewController.swift */ = {isa = PBXFileReference; lastKnownFileType = sourcecode.swift; path = LoginViewController.swift; sourceTree = "<group>"; };
		92455DD7282E89F800FCD2F3 /* LoginJoinViewController.swift */ = {isa = PBXFileReference; lastKnownFileType = sourcecode.swift; path = LoginJoinViewController.swift; sourceTree = "<group>"; };
		92455DD9282E989B00FCD2F3 /* SearchViewController.swift */ = {isa = PBXFileReference; lastKnownFileType = sourcecode.swift; path = SearchViewController.swift; sourceTree = "<group>"; };
		92455DDB282E9CE000FCD2F3 /* HomeViewController.swift */ = {isa = PBXFileReference; lastKnownFileType = sourcecode.swift; path = HomeViewController.swift; sourceTree = "<group>"; };
		92455DDF282EAF3700FCD2F3 /* Pods_wavve.framework */ = {isa = PBXFileReference; explicitFileType = wrapper.framework; path = Pods_wavve.framework; sourceTree = BUILT_PRODUCTS_DIR; };
		92455DE32830FF8E00FCD2F3 /* CollectionViewCell1.swift */ = {isa = PBXFileReference; lastKnownFileType = sourcecode.swift; path = CollectionViewCell1.swift; sourceTree = "<group>"; };
		92455DE52831060100FCD2F3 /* Movie.swift */ = {isa = PBXFileReference; lastKnownFileType = sourcecode.swift; path = Movie.swift; sourceTree = "<group>"; };
		92455DE82831497F00FCD2F3 /* TV.swift */ = {isa = PBXFileReference; lastKnownFileType = sourcecode.swift; path = TV.swift; sourceTree = "<group>"; };
		92455DEA28315FC800FCD2F3 /* CollectionViewCell2.swift */ = {isa = PBXFileReference; lastKnownFileType = sourcecode.swift; path = CollectionViewCell2.swift; sourceTree = "<group>"; };
		92455DEC283166E700FCD2F3 /* DetailViewController.swift */ = {isa = PBXFileReference; lastKnownFileType = sourcecode.swift; path = DetailViewController.swift; sourceTree = "<group>"; };
		AC6AB07BA00152222F259368 /* Pods-wavve.release.xcconfig */ = {isa = PBXFileReference; includeInIndex = 1; lastKnownFileType = text.xcconfig; name = "Pods-wavve.release.xcconfig"; path = "Target Support Files/Pods-wavve/Pods-wavve.release.xcconfig"; sourceTree = "<group>"; };
		E6B53A2A90CED373D9A727BD /* Pods_wavve.framework */ = {isa = PBXFileReference; explicitFileType = wrapper.framework; includeInIndex = 0; path = Pods_wavve.framework; sourceTree = BUILT_PRODUCTS_DIR; };
		F11D3D5C2BC829026564E8F5 /* Pods-wavve.debug.xcconfig */ = {isa = PBXFileReference; includeInIndex = 1; lastKnownFileType = text.xcconfig; name = "Pods-wavve.debug.xcconfig"; path = "Target Support Files/Pods-wavve/Pods-wavve.debug.xcconfig"; sourceTree = "<group>"; };
/* End PBXFileReference section */

/* Begin PBXFrameworksBuildPhase section */
		92455DBB282E380A00FCD2F3 /* Frameworks */ = {
			isa = PBXFrameworksBuildPhase;
			buildActionMask = 2147483647;
			files = (
				92455DE0282EAF3700FCD2F3 /* Pods_wavve.framework in Frameworks */,
			);
			runOnlyForDeploymentPostprocessing = 0;
		};
/* End PBXFrameworksBuildPhase section */

/* Begin PBXGroup section */
		92455DB5282E380A00FCD2F3 = {
			isa = PBXGroup;
			children = (
				92455DC0282E380A00FCD2F3 /* wavve */,
				92455DBF282E380A00FCD2F3 /* Products */,
				E27178F99850FC1F7A209B5D /* Pods */,
				DC74E0AA6070CE39CA0DC468 /* Frameworks */,
			);
			sourceTree = "<group>";
		};
		92455DBF282E380A00FCD2F3 /* Products */ = {
			isa = PBXGroup;
			children = (
				92455DBE282E380A00FCD2F3 /* wavve.app */,
			);
			name = Products;
			sourceTree = "<group>";
		};
		92455DC0282E380A00FCD2F3 /* wavve */ = {
			isa = PBXGroup;
			children = (
				92455DC1282E380A00FCD2F3 /* AppDelegate.swift */,
				92455DC3282E380A00FCD2F3 /* SceneDelegate.swift */,
				92455DC5282E380A00FCD2F3 /* ViewController.swift */,
				92455DC7282E380A00FCD2F3 /* Main.storyboard */,
				92455DEC283166E700FCD2F3 /* DetailViewController.swift */,
				92455DEA28315FC800FCD2F3 /* CollectionViewCell2.swift */,
				92455DE82831497F00FCD2F3 /* TV.swift */,
				92455DE32830FF8E00FCD2F3 /* CollectionViewCell1.swift */,
				92455DDB282E9CE000FCD2F3 /* HomeViewController.swift */,
				92455DE52831060100FCD2F3 /* Movie.swift */,
				92455DD9282E989B00FCD2F3 /* SearchViewController.swift */,
				92455DD7282E89F800FCD2F3 /* LoginJoinViewController.swift */,
				92455DD5282E43FE00FCD2F3 /* LoginViewController.swift */,
				92455DCA282E380B00FCD2F3 /* Assets.xcassets */,
				92455DCC282E380B00FCD2F3 /* LaunchScreen.storyboard */,
				92455DCF282E380B00FCD2F3 /* Info.plist */,
			);
			path = wavve;
			sourceTree = "<group>";
		};
		DC74E0AA6070CE39CA0DC468 /* Frameworks */ = {
			isa = PBXGroup;
			children = (
				92455DDF282EAF3700FCD2F3 /* Pods_wavve.framework */,
				E6B53A2A90CED373D9A727BD /* Pods_wavve.framework */,
			);
			name = Frameworks;
			sourceTree = "<group>";
		};
		E27178F99850FC1F7A209B5D /* Pods */ = {
			isa = PBXGroup;
			children = (
				F11D3D5C2BC829026564E8F5 /* Pods-wavve.debug.xcconfig */,
				AC6AB07BA00152222F259368 /* Pods-wavve.release.xcconfig */,
			);
			path = Pods;
			sourceTree = "<group>";
		};
/* End PBXGroup section */

/* Begin PBXNativeTarget section */
		92455DBD282E380A00FCD2F3 /* wavve */ = {
			isa = PBXNativeTarget;
			buildConfigurationList = 92455DD2282E380B00FCD2F3 /* Build configuration list for PBXNativeTarget "wavve" */;
			buildPhases = (
				4DB00F2B8270E1C94BCCD0EC /* [CP] Check Pods Manifest.lock */,
				92455DBA282E380A00FCD2F3 /* Sources */,
				92455DBB282E380A00FCD2F3 /* Frameworks */,
				92455DBC282E380A00FCD2F3 /* Resources */,
				356A79811B4B75C28693B4AE /* [CP] Embed Pods Frameworks */,
				92455DE2282EAF3700FCD2F3 /* Embed Frameworks */,
			);
			buildRules = (
			);
			dependencies = (
			);
			name = wavve;
			productName = wavve;
			productReference = 92455DBE282E380A00FCD2F3 /* wavve.app */;
			productType = "com.apple.product-type.application";
		};
/* End PBXNativeTarget section */

/* Begin PBXProject section */
		92455DB6282E380A00FCD2F3 /* Project object */ = {
			isa = PBXProject;
			attributes = {
				BuildIndependentTargetsInParallel = 1;
				LastSwiftUpdateCheck = 1320;
				LastUpgradeCheck = 1320;
				TargetAttributes = {
					92455DBD282E380A00FCD2F3 = {
						CreatedOnToolsVersion = 13.2.1;
					};
				};
			};
			buildConfigurationList = 92455DB9282E380A00FCD2F3 /* Build configuration list for PBXProject "wavve" */;
			compatibilityVersion = "Xcode 13.0";
			developmentRegion = en;
			hasScannedForEncodings = 0;
			knownRegions = (
				en,
				Base,
			);
			mainGroup = 92455DB5282E380A00FCD2F3;
			productRefGroup = 92455DBF282E380A00FCD2F3 /* Products */;
			projectDirPath = "";
			projectRoot = "";
			targets = (
				92455DBD282E380A00FCD2F3 /* wavve */,
			);
		};
/* End PBXProject section */

/* Begin PBXResourcesBuildPhase section */
		92455DBC282E380A00FCD2F3 /* Resources */ = {
			isa = PBXResourcesBuildPhase;
			buildActionMask = 2147483647;
			files = (
				92455DCE282E380B00FCD2F3 /* LaunchScreen.storyboard in Resources */,
				92455DCB282E380B00FCD2F3 /* Assets.xcassets in Resources */,
				92455DC9282E380A00FCD2F3 /* Main.storyboard in Resources */,
			);
			runOnlyForDeploymentPostprocessing = 0;
		};
/* End PBXResourcesBuildPhase section */

/* Begin PBXShellScriptBuildPhase section */
		356A79811B4B75C28693B4AE /* [CP] Embed Pods Frameworks */ = {
			isa = PBXShellScriptBuildPhase;
			buildActionMask = 2147483647;
			files = (
			);
			inputFileListPaths = (
				"${PODS_ROOT}/Target Support Files/Pods-wavve/Pods-wavve-frameworks-${CONFIGURATION}-input-files.xcfilelist",
			);
			name = "[CP] Embed Pods Frameworks";
			outputFileListPaths = (
				"${PODS_ROOT}/Target Support Files/Pods-wavve/Pods-wavve-frameworks-${CONFIGURATION}-output-files.xcfilelist",
			);
			runOnlyForDeploymentPostprocessing = 0;
			shellPath = /bin/sh;
			shellScript = "\"${PODS_ROOT}/Target Support Files/Pods-wavve/Pods-wavve-frameworks.sh\"\n";
			showEnvVarsInLog = 0;
		};
		4DB00F2B8270E1C94BCCD0EC /* [CP] Check Pods Manifest.lock */ = {
			isa = PBXShellScriptBuildPhase;
			buildActionMask = 2147483647;
			files = (
			);
			inputFileListPaths = (
			);
			inputPaths = (
				"${PODS_PODFILE_DIR_PATH}/Podfile.lock",
				"${PODS_ROOT}/Manifest.lock",
			);
			name = "[CP] Check Pods Manifest.lock";
			outputFileListPaths = (
			);
			outputPaths = (
				"$(DERIVED_FILE_DIR)/Pods-wavve-checkManifestLockResult.txt",
			);
			runOnlyForDeploymentPostprocessing = 0;
			shellPath = /bin/sh;
			shellScript = "diff \"${PODS_PODFILE_DIR_PATH}/Podfile.lock\" \"${PODS_ROOT}/Manifest.lock\" > /dev/null\nif [ $? != 0 ] ; then\n    # print error to STDERR\n    echo \"error: The sandbox is not in sync with the Podfile.lock. Run 'pod install' or update your CocoaPods installation.\" >&2\n    exit 1\nfi\n# This output is used by Xcode 'outputs' to avoid re-running this script phase.\necho \"SUCCESS\" > \"${SCRIPT_OUTPUT_FILE_0}\"\n";
			showEnvVarsInLog = 0;
		};
/* End PBXShellScriptBuildPhase section */

/* Begin PBXSourcesBuildPhase section */
		92455DBA282E380A00FCD2F3 /* Sources */ = {
			isa = PBXSourcesBuildPhase;
			buildActionMask = 2147483647;
			files = (
				92455DED283166E700FCD2F3 /* DetailViewController.swift in Sources */,
				92455DDA282E989B00FCD2F3 /* SearchViewController.swift in Sources */,
				92455DD6282E43FE00FCD2F3 /* LoginViewController.swift in Sources */,
				92455DC6282E380A00FCD2F3 /* ViewController.swift in Sources */,
				92455DE92831497F00FCD2F3 /* TV.swift in Sources */,
				92455DE62831060100FCD2F3 /* Movie.swift in Sources */,
				92455DC2282E380A00FCD2F3 /* AppDelegate.swift in Sources */,
				92455DC4282E380A00FCD2F3 /* SceneDelegate.swift in Sources */,
				92455DDC282E9CE000FCD2F3 /* HomeViewController.swift in Sources */,
				92455DEB28315FC800FCD2F3 /* CollectionViewCell2.swift in Sources */,
				92455DD8282E89F800FCD2F3 /* LoginJoinViewController.swift in Sources */,
				92455DE42830FF8E00FCD2F3 /* CollectionViewCell1.swift in Sources */,
			);
			runOnlyForDeploymentPostprocessing = 0;
		};
/* End PBXSourcesBuildPhase section */

/* Begin PBXVariantGroup section */
		92455DC7282E380A00FCD2F3 /* Main.storyboard */ = {
			isa = PBXVariantGroup;
			children = (
				92455DC8282E380A00FCD2F3 /* Base */,
			);
			name = Main.storyboard;
			sourceTree = "<group>";
		};
		92455DCC282E380B00FCD2F3 /* LaunchScreen.storyboard */ = {
			isa = PBXVariantGroup;
			children = (
				92455DCD282E380B00FCD2F3 /* Base */,
			);
			name = LaunchScreen.storyboard;
			sourceTree = "<group>";
		};
/* End PBXVariantGroup section */

/* Begin XCBuildConfiguration section */
		92455DD0282E380B00FCD2F3 /* Debug */ = {
			isa = XCBuildConfiguration;
			buildSettings = {
				ALWAYS_SEARCH_USER_PATHS = NO;
				CLANG_ANALYZER_NONNULL = YES;
				CLANG_ANALYZER_NUMBER_OBJECT_CONVERSION = YES_AGGRESSIVE;
				CLANG_CXX_LANGUAGE_STANDARD = "gnu++17";
				CLANG_CXX_LIBRARY = "libc++";
				CLANG_ENABLE_MODULES = YES;
				CLANG_ENABLE_OBJC_ARC = YES;
				CLANG_ENABLE_OBJC_WEAK = YES;
				CLANG_WARN_BLOCK_CAPTURE_AUTORELEASING = YES;
				CLANG_WARN_BOOL_CONVERSION = YES;
				CLANG_WARN_COMMA = YES;
				CLANG_WARN_CONSTANT_CONVERSION = YES;
				CLANG_WARN_DEPRECATED_OBJC_IMPLEMENTATIONS = YES;
				CLANG_WARN_DIRECT_OBJC_ISA_USAGE = YES_ERROR;
				CLANG_WARN_DOCUMENTATION_COMMENTS = YES;
				CLANG_WARN_EMPTY_BODY = YES;
				CLANG_WARN_ENUM_CONVERSION = YES;
				CLANG_WARN_INFINITE_RECURSION = YES;
				CLANG_WARN_INT_CONVERSION = YES;
				CLANG_WARN_NON_LITERAL_NULL_CONVERSION = YES;
				CLANG_WARN_OBJC_IMPLICIT_RETAIN_SELF = YES;
				CLANG_WARN_OBJC_LITERAL_CONVERSION = YES;
				CLANG_WARN_OBJC_ROOT_CLASS = YES_ERROR;
				CLANG_WARN_QUOTED_INCLUDE_IN_FRAMEWORK_HEADER = YES;
				CLANG_WARN_RANGE_LOOP_ANALYSIS = YES;
				CLANG_WARN_STRICT_PROTOTYPES = YES;
				CLANG_WARN_SUSPICIOUS_MOVE = YES;
				CLANG_WARN_UNGUARDED_AVAILABILITY = YES_AGGRESSIVE;
				CLANG_WARN_UNREACHABLE_CODE = YES;
				CLANG_WARN__DUPLICATE_METHOD_MATCH = YES;
				COPY_PHASE_STRIP = NO;
				DEBUG_INFORMATION_FORMAT = dwarf;
				ENABLE_STRICT_OBJC_MSGSEND = YES;
				ENABLE_TESTABILITY = YES;
				GCC_C_LANGUAGE_STANDARD = gnu11;
				GCC_DYNAMIC_NO_PIC = NO;
				GCC_NO_COMMON_BLOCKS = YES;
				GCC_OPTIMIZATION_LEVEL = 0;
				GCC_PREPROCESSOR_DEFINITIONS = (
					"DEBUG=1",
					"$(inherited)",
				);
				GCC_WARN_64_TO_32_BIT_CONVERSION = YES;
				GCC_WARN_ABOUT_RETURN_TYPE = YES_ERROR;
				GCC_WARN_UNDECLARED_SELECTOR = YES;
				GCC_WARN_UNINITIALIZED_AUTOS = YES_AGGRESSIVE;
				GCC_WARN_UNUSED_FUNCTION = YES;
				GCC_WARN_UNUSED_VARIABLE = YES;
				IPHONEOS_DEPLOYMENT_TARGET = 15.2;
				MTL_ENABLE_DEBUG_INFO = INCLUDE_SOURCE;
				MTL_FAST_MATH = YES;
				ONLY_ACTIVE_ARCH = YES;
				SDKROOT = iphoneos;
				SWIFT_ACTIVE_COMPILATION_CONDITIONS = DEBUG;
				SWIFT_OPTIMIZATION_LEVEL = "-Onone";
			};
			name = Debug;
		};
		92455DD1282E380B00FCD2F3 /* Release */ = {
			isa = XCBuildConfiguration;
			buildSettings = {
				ALWAYS_SEARCH_USER_PATHS = NO;
				CLANG_ANALYZER_NONNULL = YES;
				CLANG_ANALYZER_NUMBER_OBJECT_CONVERSION = YES_AGGRESSIVE;
				CLANG_CXX_LANGUAGE_STANDARD = "gnu++17";
				CLANG_CXX_LIBRARY = "libc++";
				CLANG_ENABLE_MODULES = YES;
				CLANG_ENABLE_OBJC_ARC = YES;
				CLANG_ENABLE_OBJC_WEAK = YES;
				CLANG_WARN_BLOCK_CAPTURE_AUTORELEASING = YES;
				CLANG_WARN_BOOL_CONVERSION = YES;
				CLANG_WARN_COMMA = YES;
				CLANG_WARN_CONSTANT_CONVERSION = YES;
				CLANG_WARN_DEPRECATED_OBJC_IMPLEMENTATIONS = YES;
				CLANG_WARN_DIRECT_OBJC_ISA_USAGE = YES_ERROR;
				CLANG_WARN_DOCUMENTATION_COMMENTS = YES;
				CLANG_WARN_EMPTY_BODY = YES;
				CLANG_WARN_ENUM_CONVERSION = YES;
				CLANG_WARN_INFINITE_RECURSION = YES;
				CLANG_WARN_INT_CONVERSION = YES;
				CLANG_WARN_NON_LITERAL_NULL_CONVERSION = YES;
				CLANG_WARN_OBJC_IMPLICIT_RETAIN_SELF = YES;
				CLANG_WARN_OBJC_LITERAL_CONVERSION = YES;
				CLANG_WARN_OBJC_ROOT_CLASS = YES_ERROR;
				CLANG_WARN_QUOTED_INCLUDE_IN_FRAMEWORK_HEADER = YES;
				CLANG_WARN_RANGE_LOOP_ANALYSIS = YES;
				CLANG_WARN_STRICT_PROTOTYPES = YES;
				CLANG_WARN_SUSPICIOUS_MOVE = YES;
				CLANG_WARN_UNGUARDED_AVAILABILITY = YES_AGGRESSIVE;
				CLANG_WARN_UNREACHABLE_CODE = YES;
				CLANG_WARN__DUPLICATE_METHOD_MATCH = YES;
				COPY_PHASE_STRIP = NO;
				DEBUG_INFORMATION_FORMAT = "dwarf-with-dsym";
				ENABLE_NS_ASSERTIONS = NO;
				ENABLE_STRICT_OBJC_MSGSEND = YES;
				GCC_C_LANGUAGE_STANDARD = gnu11;
				GCC_NO_COMMON_BLOCKS = YES;
				GCC_WARN_64_TO_32_BIT_CONVERSION = YES;
				GCC_WARN_ABOUT_RETURN_TYPE = YES_ERROR;
				GCC_WARN_UNDECLARED_SELECTOR = YES;
				GCC_WARN_UNINITIALIZED_AUTOS = YES_AGGRESSIVE;
				GCC_WARN_UNUSED_FUNCTION = YES;
				GCC_WARN_UNUSED_VARIABLE = YES;
				IPHONEOS_DEPLOYMENT_TARGET = 15.2;
				MTL_ENABLE_DEBUG_INFO = NO;
				MTL_FAST_MATH = YES;
				SDKROOT = iphoneos;
				SWIFT_COMPILATION_MODE = wholemodule;
				SWIFT_OPTIMIZATION_LEVEL = "-O";
				VALIDATE_PRODUCT = YES;
			};
			name = Release;
		};
		92455DD3282E380B00FCD2F3 /* Debug */ = {
			isa = XCBuildConfiguration;
			baseConfigurationReference = F11D3D5C2BC829026564E8F5 /* Pods-wavve.debug.xcconfig */;
			buildSettings = {
				ASSETCATALOG_COMPILER_APPICON_NAME = AppIcon;
				ASSETCATALOG_COMPILER_GLOBAL_ACCENT_COLOR_NAME = AccentColor;
				CODE_SIGN_STYLE = Automatic;
				CURRENT_PROJECT_VERSION = 1;
				GENERATE_INFOPLIST_FILE = YES;
				INFOPLIST_FILE = wavve/Info.plist;
				INFOPLIST_KEY_UIApplicationSupportsIndirectInputEvents = YES;
				INFOPLIST_KEY_UILaunchStoryboardName = LaunchScreen;
				INFOPLIST_KEY_UIMainStoryboardFile = Main;
				INFOPLIST_KEY_UISupportedInterfaceOrientations_iPad = "UIInterfaceOrientationPortrait UIInterfaceOrientationPortraitUpsideDown UIInterfaceOrientationLandscapeLeft UIInterfaceOrientationLandscapeRight";
				INFOPLIST_KEY_UISupportedInterfaceOrientations_iPhone = "UIInterfaceOrientationPortrait UIInterfaceOrientationLandscapeLeft UIInterfaceOrientationLandscapeRight";
				INFOPLIST_KEY_UIUserInterfaceStyle = Dark;
				LD_RUNPATH_SEARCH_PATHS = (
					"$(inherited)",
					"@executable_path/Frameworks",
				);
				MARKETING_VERSION = 1.0;
				PRODUCT_BUNDLE_IDENTIFIER = h.wavve;
				PRODUCT_NAME = "$(TARGET_NAME)";
				SWIFT_EMIT_LOC_STRINGS = YES;
				SWIFT_VERSION = 5.0;
				TARGETED_DEVICE_FAMILY = "1,2";
			};
			name = Debug;
		};
		92455DD4282E380B00FCD2F3 /* Release */ = {
			isa = XCBuildConfiguration;
			baseConfigurationReference = AC6AB07BA00152222F259368 /* Pods-wavve.release.xcconfig */;
			buildSettings = {
				ASSETCATALOG_COMPILER_APPICON_NAME = AppIcon;
				ASSETCATALOG_COMPILER_GLOBAL_ACCENT_COLOR_NAME = AccentColor;
				CODE_SIGN_STYLE = Automatic;
				CURRENT_PROJECT_VERSION = 1;
				GENERATE_INFOPLIST_FILE = YES;
				INFOPLIST_FILE = wavve/Info.plist;
				INFOPLIST_KEY_UIApplicationSupportsIndirectInputEvents = YES;
				INFOPLIST_KEY_UILaunchStoryboardName = LaunchScreen;
				INFOPLIST_KEY_UIMainStoryboardFile = Main;
				INFOPLIST_KEY_UISupportedInterfaceOrientations_iPad = "UIInterfaceOrientationPortrait UIInterfaceOrientationPortraitUpsideDown UIInterfaceOrientationLandscapeLeft UIInterfaceOrientationLandscapeRight";
				INFOPLIST_KEY_UISupportedInterfaceOrientations_iPhone = "UIInterfaceOrientationPortrait UIInterfaceOrientationLandscapeLeft UIInterfaceOrientationLandscapeRight";
				INFOPLIST_KEY_UIUserInterfaceStyle = Dark;
				LD_RUNPATH_SEARCH_PATHS = (
					"$(inherited)",
					"@executable_path/Frameworks",
				);
				MARKETING_VERSION = 1.0;
				PRODUCT_BUNDLE_IDENTIFIER = h.wavve;
				PRODUCT_NAME = "$(TARGET_NAME)";
				SWIFT_EMIT_LOC_STRINGS = YES;
				SWIFT_VERSION = 5.0;
				TARGETED_DEVICE_FAMILY = "1,2";
			};
			name = Release;
		};
/* End XCBuildConfiguration section */

/* Begin XCConfigurationList section */
		92455DB9282E380A00FCD2F3 /* Build configuration list for PBXProject "wavve" */ = {
			isa = XCConfigurationList;
			buildConfigurations = (
				92455DD0282E380B00FCD2F3 /* Debug */,
				92455DD1282E380B00FCD2F3 /* Release */,
			);
			defaultConfigurationIsVisible = 0;
			defaultConfigurationName = Release;
		};
		92455DD2282E380B00FCD2F3 /* Build configuration list for PBXNativeTarget "wavve" */ = {
			isa = XCConfigurationList;
			buildConfigurations = (
				92455DD3282E380B00FCD2F3 /* Debug */,
				92455DD4282E380B00FCD2F3 /* Release */,
			);
			defaultConfigurationIsVisible = 0;
			defaultConfigurationName = Release;
		};
/* End XCConfigurationList section */
	};
	rootObject = 92455DB6282E380A00FCD2F3 /* Project object */;
}
