// !$*UTF8*$!
{
	archiveVersion = 1;
	classes = {
	};
	objectVersion = 55;
	objects = {

/* Begin PBXBuildFile section */
		9233C0492819B8060062E106 /* AppDelegate.swift in Sources */ = {isa = PBXBuildFile; fileRef = 9233C0482819B8060062E106 /* AppDelegate.swift */; };
		9233C04B2819B8060062E106 /* SceneDelegate.swift in Sources */ = {isa = PBXBuildFile; fileRef = 9233C04A2819B8060062E106 /* SceneDelegate.swift */; };
		9233C0502819B8060062E106 /* Main.storyboard in Resources */ = {isa = PBXBuildFile; fileRef = 9233C04E2819B8060062E106 /* Main.storyboard */; };
		9233C0522819B8070062E106 /* Assets.xcassets in Resources */ = {isa = PBXBuildFile; fileRef = 9233C0512819B8070062E106 /* Assets.xcassets */; };
		9233C0552819B8070062E106 /* LaunchScreen.storyboard in Resources */ = {isa = PBXBuildFile; fileRef = 9233C0532819B8070062E106 /* LaunchScreen.storyboard */; };
		9233C05D2819C3270062E106 /* TabBarController.swift in Sources */ = {isa = PBXBuildFile; fileRef = 9233C05C2819C3270062E106 /* TabBarController.swift */; };
		9233C05F2819C4A10062E106 /* HomeViewController.swift in Sources */ = {isa = PBXBuildFile; fileRef = 9233C05E2819C4A10062E106 /* HomeViewController.swift */; };
		9233C0622819D73B0062E106 /* BannerCell.swift in Sources */ = {isa = PBXBuildFile; fileRef = 9233C0602819D73B0062E106 /* BannerCell.swift */; };
		9233C0632819D73B0062E106 /* BannerCell.xib in Resources */ = {isa = PBXBuildFile; fileRef = 9233C0612819D73B0062E106 /* BannerCell.xib */; };
		9233C0662819EB700062E106 /* BannerCell2.swift in Sources */ = {isa = PBXBuildFile; fileRef = 9233C0642819EB700062E106 /* BannerCell2.swift */; };
		9233C0672819EB700062E106 /* BannerCell2.xib in Resources */ = {isa = PBXBuildFile; fileRef = 9233C0652819EB700062E106 /* BannerCell2.xib */; };
/* End PBXBuildFile section */

/* Begin PBXFileReference section */
		9233C0452819B8060062E106 /* MUSINSA-CONVERSE.app */ = {isa = PBXFileReference; explicitFileType = wrapper.application; includeInIndex = 0; path = "MUSINSA-CONVERSE.app"; sourceTree = BUILT_PRODUCTS_DIR; };
		9233C0482819B8060062E106 /* AppDelegate.swift */ = {isa = PBXFileReference; lastKnownFileType = sourcecode.swift; path = AppDelegate.swift; sourceTree = "<group>"; };
		9233C04A2819B8060062E106 /* SceneDelegate.swift */ = {isa = PBXFileReference; lastKnownFileType = sourcecode.swift; path = SceneDelegate.swift; sourceTree = "<group>"; };
		9233C04F2819B8060062E106 /* Base */ = {isa = PBXFileReference; lastKnownFileType = file.storyboard; name = Base; path = Base.lproj/Main.storyboard; sourceTree = "<group>"; };
		9233C0512819B8070062E106 /* Assets.xcassets */ = {isa = PBXFileReference; lastKnownFileType = folder.assetcatalog; path = Assets.xcassets; sourceTree = "<group>"; };
		9233C0542819B8070062E106 /* Base */ = {isa = PBXFileReference; lastKnownFileType = file.storyboard; name = Base; path = Base.lproj/LaunchScreen.storyboard; sourceTree = "<group>"; };
		9233C0562819B8070062E106 /* Info.plist */ = {isa = PBXFileReference; lastKnownFileType = text.plist.xml; path = Info.plist; sourceTree = "<group>"; };
		9233C05C2819C3270062E106 /* TabBarController.swift */ = {isa = PBXFileReference; lastKnownFileType = sourcecode.swift; path = TabBarController.swift; sourceTree = "<group>"; };
		9233C05E2819C4A10062E106 /* HomeViewController.swift */ = {isa = PBXFileReference; lastKnownFileType = sourcecode.swift; path = HomeViewController.swift; sourceTree = "<group>"; };
		9233C0602819D73B0062E106 /* BannerCell.swift */ = {isa = PBXFileReference; lastKnownFileType = sourcecode.swift; path = BannerCell.swift; sourceTree = "<group>"; };
		9233C0612819D73B0062E106 /* BannerCell.xib */ = {isa = PBXFileReference; lastKnownFileType = file.xib; path = BannerCell.xib; sourceTree = "<group>"; };
		9233C0642819EB700062E106 /* BannerCell2.swift */ = {isa = PBXFileReference; lastKnownFileType = sourcecode.swift; path = BannerCell2.swift; sourceTree = "<group>"; };
		9233C0652819EB700062E106 /* BannerCell2.xib */ = {isa = PBXFileReference; lastKnownFileType = file.xib; path = BannerCell2.xib; sourceTree = "<group>"; };
/* End PBXFileReference section */

/* Begin PBXFrameworksBuildPhase section */
		9233C0422819B8060062E106 /* Frameworks */ = {
			isa = PBXFrameworksBuildPhase;
			buildActionMask = 2147483647;
			files = (
			);
			runOnlyForDeploymentPostprocessing = 0;
		};
/* End PBXFrameworksBuildPhase section */

/* Begin PBXGroup section */
		9233C03C2819B8060062E106 = {
			isa = PBXGroup;
			children = (
				9233C0472819B8060062E106 /* MUSINSA-CONVERSE */,
				9233C0462819B8060062E106 /* Products */,
			);
			sourceTree = "<group>";
		};
		9233C0462819B8060062E106 /* Products */ = {
			isa = PBXGroup;
			children = (
				9233C0452819B8060062E106 /* MUSINSA-CONVERSE.app */,
			);
			name = Products;
			sourceTree = "<group>";
		};
		9233C0472819B8060062E106 /* MUSINSA-CONVERSE */ = {
			isa = PBXGroup;
			children = (
				9233C0482819B8060062E106 /* AppDelegate.swift */,
				9233C04A2819B8060062E106 /* SceneDelegate.swift */,
				9233C05C2819C3270062E106 /* TabBarController.swift */,
				9233C05E2819C4A10062E106 /* HomeViewController.swift */,
				9233C04E2819B8060062E106 /* Main.storyboard */,
				9233C0602819D73B0062E106 /* BannerCell.swift */,
				9233C0642819EB700062E106 /* BannerCell2.swift */,
				9233C0652819EB700062E106 /* BannerCell2.xib */,
				9233C0612819D73B0062E106 /* BannerCell.xib */,
				9233C0512819B8070062E106 /* Assets.xcassets */,
				9233C0532819B8070062E106 /* LaunchScreen.storyboard */,
				9233C0562819B8070062E106 /* Info.plist */,
			);
			path = "MUSINSA-CONVERSE";
			sourceTree = "<group>";
		};
/* End PBXGroup section */

/* Begin PBXNativeTarget section */
		9233C0442819B8060062E106 /* MUSINSA-CONVERSE */ = {
			isa = PBXNativeTarget;
			buildConfigurationList = 9233C0592819B8070062E106 /* Build configuration list for PBXNativeTarget "MUSINSA-CONVERSE" */;
			buildPhases = (
				9233C0412819B8060062E106 /* Sources */,
				9233C0422819B8060062E106 /* Frameworks */,
				9233C0432819B8060062E106 /* Resources */,
			);
			buildRules = (
			);
			dependencies = (
			);
			name = "MUSINSA-CONVERSE";
			productName = "MUSINSA-CONVERSE";
			productReference = 9233C0452819B8060062E106 /* MUSINSA-CONVERSE.app */;
			productType = "com.apple.product-type.application";
		};
/* End PBXNativeTarget section */

/* Begin PBXProject section */
		9233C03D2819B8060062E106 /* Project object */ = {
			isa = PBXProject;
			attributes = {
				BuildIndependentTargetsInParallel = 1;
				LastSwiftUpdateCheck = 1320;
				LastUpgradeCheck = 1320;
				TargetAttributes = {
					9233C0442819B8060062E106 = {
						CreatedOnToolsVersion = 13.2.1;
					};
				};
			};
			buildConfigurationList = 9233C0402819B8060062E106 /* Build configuration list for PBXProject "MUSINSA-CONVERSE" */;
			compatibilityVersion = "Xcode 13.0";
			developmentRegion = en;
			hasScannedForEncodings = 0;
			knownRegions = (
				en,
				Base,
			);
			mainGroup = 9233C03C2819B8060062E106;
			productRefGroup = 9233C0462819B8060062E106 /* Products */;
			projectDirPath = "";
			projectRoot = "";
			targets = (
				9233C0442819B8060062E106 /* MUSINSA-CONVERSE */,
			);
		};
/* End PBXProject section */

/* Begin PBXResourcesBuildPhase section */
		9233C0432819B8060062E106 /* Resources */ = {
			isa = PBXResourcesBuildPhase;
			buildActionMask = 2147483647;
			files = (
				9233C0552819B8070062E106 /* LaunchScreen.storyboard in Resources */,
				9233C0632819D73B0062E106 /* BannerCell.xib in Resources */,
				9233C0672819EB700062E106 /* BannerCell2.xib in Resources */,
				9233C0522819B8070062E106 /* Assets.xcassets in Resources */,
				9233C0502819B8060062E106 /* Main.storyboard in Resources */,
			);
			runOnlyForDeploymentPostprocessing = 0;
		};
/* End PBXResourcesBuildPhase section */

/* Begin PBXSourcesBuildPhase section */
		9233C0412819B8060062E106 /* Sources */ = {
			isa = PBXSourcesBuildPhase;
			buildActionMask = 2147483647;
			files = (
				9233C0662819EB700062E106 /* BannerCell2.swift in Sources */,
				9233C0622819D73B0062E106 /* BannerCell.swift in Sources */,
				9233C05D2819C3270062E106 /* TabBarController.swift in Sources */,
				9233C0492819B8060062E106 /* AppDelegate.swift in Sources */,
				9233C04B2819B8060062E106 /* SceneDelegate.swift in Sources */,
				9233C05F2819C4A10062E106 /* HomeViewController.swift in Sources */,
			);
			runOnlyForDeploymentPostprocessing = 0;
		};
/* End PBXSourcesBuildPhase section */

/* Begin PBXVariantGroup section */
		9233C04E2819B8060062E106 /* Main.storyboard */ = {
			isa = PBXVariantGroup;
			children = (
				9233C04F2819B8060062E106 /* Base */,
			);
			name = Main.storyboard;
			sourceTree = "<group>";
		};
		9233C0532819B8070062E106 /* LaunchScreen.storyboard */ = {
			isa = PBXVariantGroup;
			children = (
				9233C0542819B8070062E106 /* Base */,
			);
			name = LaunchScreen.storyboard;
			sourceTree = "<group>";
		};
/* End PBXVariantGroup section */

/* Begin XCBuildConfiguration section */
		9233C0572819B8070062E106 /* Debug */ = {
			isa = XCBuildConfiguration;
			buildSettings = {
				ALWAYS_SEARCH_USER_PATHS = NO;
				CLANG_ANALYZER_NONNULL = YES;
				CLANG_ANALYZER_NUMBER_OBJECT_CONVERSION = YES_AGGRESSIVE;
				CLANG_CXX_LANGUAGE_STANDARD = "gnu++17";
				CLANG_CXX_LIBRARY = "libc++";
				CLANG_ENABLE_MODULES = YES;
				CLANG_ENABLE_OBJC_ARC = YES;
				CLANG_ENABLE_OBJC_WEAK = YES;
				CLANG_WARN_BLOCK_CAPTURE_AUTORELEASING = YES;
				CLANG_WARN_BOOL_CONVERSION = YES;
				CLANG_WARN_COMMA = YES;
				CLANG_WARN_CONSTANT_CONVERSION = YES;
				CLANG_WARN_DEPRECATED_OBJC_IMPLEMENTATIONS = YES;
				CLANG_WARN_DIRECT_OBJC_ISA_USAGE = YES_ERROR;
				CLANG_WARN_DOCUMENTATION_COMMENTS = YES;
				CLANG_WARN_EMPTY_BODY = YES;
				CLANG_WARN_ENUM_CONVERSION = YES;
				CLANG_WARN_INFINITE_RECURSION = YES;
				CLANG_WARN_INT_CONVERSION = YES;
				CLANG_WARN_NON_LITERAL_NULL_CONVERSION = YES;
				CLANG_WARN_OBJC_IMPLICIT_RETAIN_SELF = YES;
				CLANG_WARN_OBJC_LITERAL_CONVERSION = YES;
				CLANG_WARN_OBJC_ROOT_CLASS = YES_ERROR;
				CLANG_WARN_QUOTED_INCLUDE_IN_FRAMEWORK_HEADER = YES;
				CLANG_WARN_RANGE_LOOP_ANALYSIS = YES;
				CLANG_WARN_STRICT_PROTOTYPES = YES;
				CLANG_WARN_SUSPICIOUS_MOVE = YES;
				CLANG_WARN_UNGUARDED_AVAILABILITY = YES_AGGRESSIVE;
				CLANG_WARN_UNREACHABLE_CODE = YES;
				CLANG_WARN__DUPLICATE_METHOD_MATCH = YES;
				COPY_PHASE_STRIP = NO;
				DEBUG_INFORMATION_FORMAT = dwarf;
				ENABLE_STRICT_OBJC_MSGSEND = YES;
				ENABLE_TESTABILITY = YES;
				GCC_C_LANGUAGE_STANDARD = gnu11;
				GCC_DYNAMIC_NO_PIC = NO;
				GCC_NO_COMMON_BLOCKS = YES;
				GCC_OPTIMIZATION_LEVEL = 0;
				GCC_PREPROCESSOR_DEFINITIONS = (
					"DEBUG=1",
					"$(inherited)",
				);
				GCC_WARN_64_TO_32_BIT_CONVERSION = YES;
				GCC_WARN_ABOUT_RETURN_TYPE = YES_ERROR;
				GCC_WARN_UNDECLARED_SELECTOR = YES;
				GCC_WARN_UNINITIALIZED_AUTOS = YES_AGGRESSIVE;
				GCC_WARN_UNUSED_FUNCTION = YES;
				GCC_WARN_UNUSED_VARIABLE = YES;
				IPHONEOS_DEPLOYMENT_TARGET = 15.2;
				MTL_ENABLE_DEBUG_INFO = INCLUDE_SOURCE;
				MTL_FAST_MATH = YES;
				ONLY_ACTIVE_ARCH = YES;
				SDKROOT = iphoneos;
				SWIFT_ACTIVE_COMPILATION_CONDITIONS = DEBUG;
				SWIFT_OPTIMIZATION_LEVEL = "-Onone";
			};
			name = Debug;
		};
		9233C0582819B8070062E106 /* Release */ = {
			isa = XCBuildConfiguration;
			buildSettings = {
				ALWAYS_SEARCH_USER_PATHS = NO;
				CLANG_ANALYZER_NONNULL = YES;
				CLANG_ANALYZER_NUMBER_OBJECT_CONVERSION = YES_AGGRESSIVE;
				CLANG_CXX_LANGUAGE_STANDARD = "gnu++17";
				CLANG_CXX_LIBRARY = "libc++";
				CLANG_ENABLE_MODULES = YES;
				CLANG_ENABLE_OBJC_ARC = YES;
				CLANG_ENABLE_OBJC_WEAK = YES;
				CLANG_WARN_BLOCK_CAPTURE_AUTORELEASING = YES;
				CLANG_WARN_BOOL_CONVERSION = YES;
				CLANG_WARN_COMMA = YES;
				CLANG_WARN_CONSTANT_CONVERSION = YES;
				CLANG_WARN_DEPRECATED_OBJC_IMPLEMENTATIONS = YES;
				CLANG_WARN_DIRECT_OBJC_ISA_USAGE = YES_ERROR;
				CLANG_WARN_DOCUMENTATION_COMMENTS = YES;
				CLANG_WARN_EMPTY_BODY = YES;
				CLANG_WARN_ENUM_CONVERSION = YES;
				CLANG_WARN_INFINITE_RECURSION = YES;
				CLANG_WARN_INT_CONVERSION = YES;
				CLANG_WARN_NON_LITERAL_NULL_CONVERSION = YES;
				CLANG_WARN_OBJC_IMPLICIT_RETAIN_SELF = YES;
				CLANG_WARN_OBJC_LITERAL_CONVERSION = YES;
				CLANG_WARN_OBJC_ROOT_CLASS = YES_ERROR;
				CLANG_WARN_QUOTED_INCLUDE_IN_FRAMEWORK_HEADER = YES;
				CLANG_WARN_RANGE_LOOP_ANALYSIS = YES;
				CLANG_WARN_STRICT_PROTOTYPES = YES;
				CLANG_WARN_SUSPICIOUS_MOVE = YES;
				CLANG_WARN_UNGUARDED_AVAILABILITY = YES_AGGRESSIVE;
				CLANG_WARN_UNREACHABLE_CODE = YES;
				CLANG_WARN__DUPLICATE_METHOD_MATCH = YES;
				COPY_PHASE_STRIP = NO;
				DEBUG_INFORMATION_FORMAT = "dwarf-with-dsym";
				ENABLE_NS_ASSERTIONS = NO;
				ENABLE_STRICT_OBJC_MSGSEND = YES;
				GCC_C_LANGUAGE_STANDARD = gnu11;
				GCC_NO_COMMON_BLOCKS = YES;
				GCC_WARN_64_TO_32_BIT_CONVERSION = YES;
				GCC_WARN_ABOUT_RETURN_TYPE = YES_ERROR;
				GCC_WARN_UNDECLARED_SELECTOR = YES;
				GCC_WARN_UNINITIALIZED_AUTOS = YES_AGGRESSIVE;
				GCC_WARN_UNUSED_FUNCTION = YES;
				GCC_WARN_UNUSED_VARIABLE = YES;
				IPHONEOS_DEPLOYMENT_TARGET = 15.2;
				MTL_ENABLE_DEBUG_INFO = NO;
				MTL_FAST_MATH = YES;
				SDKROOT = iphoneos;
				SWIFT_COMPILATION_MODE = wholemodule;
				SWIFT_OPTIMIZATION_LEVEL = "-O";
				VALIDATE_PRODUCT = YES;
			};
			name = Release;
		};
		9233C05A2819B8070062E106 /* Debug */ = {
			isa = XCBuildConfiguration;
			buildSettings = {
				ASSETCATALOG_COMPILER_APPICON_NAME = AppIcon;
				ASSETCATALOG_COMPILER_GLOBAL_ACCENT_COLOR_NAME = AccentColor;
				CODE_SIGN_STYLE = Automatic;
				CURRENT_PROJECT_VERSION = 1;
				GENERATE_INFOPLIST_FILE = YES;
				INFOPLIST_FILE = "MUSINSA-CONVERSE/Info.plist";
				INFOPLIST_KEY_UIApplicationSupportsIndirectInputEvents = YES;
				INFOPLIST_KEY_UILaunchStoryboardName = LaunchScreen;
				INFOPLIST_KEY_UIMainStoryboardFile = Main;
				INFOPLIST_KEY_UISupportedInterfaceOrientations_iPad = "UIInterfaceOrientationPortrait UIInterfaceOrientationPortraitUpsideDown UIInterfaceOrientationLandscapeLeft UIInterfaceOrientationLandscapeRight";
				INFOPLIST_KEY_UISupportedInterfaceOrientations_iPhone = "UIInterfaceOrientationPortrait UIInterfaceOrientationLandscapeLeft UIInterfaceOrientationLandscapeRight";
				LD_RUNPATH_SEARCH_PATHS = (
					"$(inherited)",
					"@executable_path/Frameworks",
				);
				MARKETING_VERSION = 1.0;
				PRODUCT_BUNDLE_IDENTIFIER = "h.MUSINSA-CONVERSE";
				PRODUCT_NAME = "$(TARGET_NAME)";
				SWIFT_EMIT_LOC_STRINGS = YES;
				SWIFT_VERSION = 5.0;
				TARGETED_DEVICE_FAMILY = "1,2";
			};
			name = Debug;
		};
		9233C05B2819B8070062E106 /* Release */ = {
			isa = XCBuildConfiguration;
			buildSettings = {
				ASSETCATALOG_COMPILER_APPICON_NAME = AppIcon;
				ASSETCATALOG_COMPILER_GLOBAL_ACCENT_COLOR_NAME = AccentColor;
				CODE_SIGN_STYLE = Automatic;
				CURRENT_PROJECT_VERSION = 1;
				GENERATE_INFOPLIST_FILE = YES;
				INFOPLIST_FILE = "MUSINSA-CONVERSE/Info.plist";
				INFOPLIST_KEY_UIApplicationSupportsIndirectInputEvents = YES;
				INFOPLIST_KEY_UILaunchStoryboardName = LaunchScreen;
				INFOPLIST_KEY_UIMainStoryboardFile = Main;
				INFOPLIST_KEY_UISupportedInterfaceOrientations_iPad = "UIInterfaceOrientationPortrait UIInterfaceOrientationPortraitUpsideDown UIInterfaceOrientationLandscapeLeft UIInterfaceOrientationLandscapeRight";
				INFOPLIST_KEY_UISupportedInterfaceOrientations_iPhone = "UIInterfaceOrientationPortrait UIInterfaceOrientationLandscapeLeft UIInterfaceOrientationLandscapeRight";
				LD_RUNPATH_SEARCH_PATHS = (
					"$(inherited)",
					"@executable_path/Frameworks",
				);
				MARKETING_VERSION = 1.0;
				PRODUCT_BUNDLE_IDENTIFIER = "h.MUSINSA-CONVERSE";
				PRODUCT_NAME = "$(TARGET_NAME)";
				SWIFT_EMIT_LOC_STRINGS = YES;
				SWIFT_VERSION = 5.0;
				TARGETED_DEVICE_FAMILY = "1,2";
			};
			name = Release;
		};
/* End XCBuildConfiguration section */

/* Begin XCConfigurationList section */
		9233C0402819B8060062E106 /* Build configuration list for PBXProject "MUSINSA-CONVERSE" */ = {
			isa = XCConfigurationList;
			buildConfigurations = (
				9233C0572819B8070062E106 /* Debug */,
				9233C0582819B8070062E106 /* Release */,
			);
			defaultConfigurationIsVisible = 0;
			defaultConfigurationName = Release;
		};
		9233C0592819B8070062E106 /* Build configuration list for PBXNativeTarget "MUSINSA-CONVERSE" */ = {
			isa = XCConfigurationList;
			buildConfigurations = (
				9233C05A2819B8070062E106 /* Debug */,
				9233C05B2819B8070062E106 /* Release */,
			);
			defaultConfigurationIsVisible = 0;
			defaultConfigurationName = Release;
		};
/* End XCConfigurationList section */
	};
	rootObject = 9233C03D2819B8060062E106 /* Project object */;
}
