// !$*UTF8*$!
{
	archiveVersion = 1;
	classes = {
	};
	objectVersion = 55;
	objects = {

/* Begin PBXBuildFile section */
		92248041281E432600AE45ED /* HomeTabbarProductViewController.swift in Sources */ = {isa = PBXBuildFile; fileRef = 92248040281E432600AE45ED /* HomeTabbarProductViewController.swift */; };
		92248043281E499600AE45ED /* HomeTabbarViewController.swift in Sources */ = {isa = PBXBuildFile; fileRef = 92248042281E499600AE45ED /* HomeTabbarViewController.swift */; };
		9233C0492819B8060062E106 /* AppDelegate.swift in Sources */ = {isa = PBXBuildFile; fileRef = 9233C0482819B8060062E106 /* AppDelegate.swift */; };
		9233C04B2819B8060062E106 /* SceneDelegate.swift in Sources */ = {isa = PBXBuildFile; fileRef = 9233C04A2819B8060062E106 /* SceneDelegate.swift */; };
		9233C0502819B8060062E106 /* Main.storyboard in Resources */ = {isa = PBXBuildFile; fileRef = 9233C04E2819B8060062E106 /* Main.storyboard */; };
		9233C0522819B8070062E106 /* Assets.xcassets in Resources */ = {isa = PBXBuildFile; fileRef = 9233C0512819B8070062E106 /* Assets.xcassets */; };
		9233C0552819B8070062E106 /* LaunchScreen.storyboard in Resources */ = {isa = PBXBuildFile; fileRef = 9233C0532819B8070062E106 /* LaunchScreen.storyboard */; };
		9233C05D2819C3270062E106 /* TabBarController.swift in Sources */ = {isa = PBXBuildFile; fileRef = 9233C05C2819C3270062E106 /* TabBarController.swift */; };
		9233C05F2819C4A10062E106 /* HomeViewController.swift in Sources */ = {isa = PBXBuildFile; fileRef = 9233C05E2819C4A10062E106 /* HomeViewController.swift */; };
		9233C0662819EB700062E106 /* BannerCell.swift in Sources */ = {isa = PBXBuildFile; fileRef = 9233C0642819EB700062E106 /* BannerCell.swift */; };
		9233C0672819EB700062E106 /* BannerCell.xib in Resources */ = {isa = PBXBuildFile; fileRef = 9233C0652819EB700062E106 /* BannerCell.xib */; };
		9233C073281A4A900062E106 /* FirstTabBarController.swift in Sources */ = {isa = PBXBuildFile; fileRef = 9233C072281A4A900062E106 /* FirstTabBarController.swift */; };
		9233C075281A4A9D0062E106 /* SecondTabBarController.swift in Sources */ = {isa = PBXBuildFile; fileRef = 9233C074281A4A9D0062E106 /* SecondTabBarController.swift */; };
		9233C077281A512A0062E106 /* TabManBarViewController.swift in Sources */ = {isa = PBXBuildFile; fileRef = 9233C076281A512A0062E106 /* TabManBarViewController.swift */; };
		9233C095281A81160062E106 /* RankingCell.swift in Sources */ = {isa = PBXBuildFile; fileRef = 9233C093281A81160062E106 /* RankingCell.swift */; };
		9233C096281A81160062E106 /* RankingCell.xib in Resources */ = {isa = PBXBuildFile; fileRef = 9233C094281A81160062E106 /* RankingCell.xib */; };
		9233C098281AB71F0062E106 /* Data.swift in Sources */ = {isa = PBXBuildFile; fileRef = 9233C097281AB71F0062E106 /* Data.swift */; };
		9233C09B281ADA5C0062E106 /* ProductCell2.swift in Sources */ = {isa = PBXBuildFile; fileRef = 9233C099281ADA5C0062E106 /* ProductCell2.swift */; };
		9233C09C281ADA5C0062E106 /* ProductCell2.xib in Resources */ = {isa = PBXBuildFile; fileRef = 9233C09A281ADA5C0062E106 /* ProductCell2.xib */; };
		9233C09F281ADDEB0062E106 /* ProductCell.swift in Sources */ = {isa = PBXBuildFile; fileRef = 9233C09D281ADDEB0062E106 /* ProductCell.swift */; };
		9233C0A0281ADDEB0062E106 /* ProductCell.xib in Resources */ = {isa = PBXBuildFile; fileRef = 9233C09E281ADDEB0062E106 /* ProductCell.xib */; };
		92D1FC16281B9AA700BFE4B7 /* PurchaseViewController.swift in Sources */ = {isa = PBXBuildFile; fileRef = 92D1FC15281B9AA700BFE4B7 /* PurchaseViewController.swift */; };
		92D1FC19281BA3AB00BFE4B7 /* OptionTableViewCell1.swift in Sources */ = {isa = PBXBuildFile; fileRef = 92D1FC17281BA3AB00BFE4B7 /* OptionTableViewCell1.swift */; };
		92D1FC1A281BA3AB00BFE4B7 /* OptionTableViewCell1.xib in Resources */ = {isa = PBXBuildFile; fileRef = 92D1FC18281BA3AB00BFE4B7 /* OptionTableViewCell1.xib */; };
		92D1FC1D281BA3BA00BFE4B7 /* OptionTableViewCell2.swift in Sources */ = {isa = PBXBuildFile; fileRef = 92D1FC1B281BA3BA00BFE4B7 /* OptionTableViewCell2.swift */; };
		92D1FC1E281BA3BA00BFE4B7 /* OptionTableViewCell2.xib in Resources */ = {isa = PBXBuildFile; fileRef = 92D1FC1C281BA3BA00BFE4B7 /* OptionTableViewCell2.xib */; };
		92D1FC20281BA55100BFE4B7 /* OptionListViewController.swift in Sources */ = {isa = PBXBuildFile; fileRef = 92D1FC1F281BA55100BFE4B7 /* OptionListViewController.swift */; };
		92D1FC24281BC2D700BFE4B7 /* ProductViewController.swift in Sources */ = {isa = PBXBuildFile; fileRef = 92D1FC23281BC2D700BFE4B7 /* ProductViewController.swift */; };
		92D1FC26281BD9FF00BFE4B7 /* CartViewController.swift in Sources */ = {isa = PBXBuildFile; fileRef = 92D1FC25281BD9FF00BFE4B7 /* CartViewController.swift */; };
		92D1FC29281BE58100BFE4B7 /* CartListTableViewCell1.swift in Sources */ = {isa = PBXBuildFile; fileRef = 92D1FC27281BE58100BFE4B7 /* CartListTableViewCell1.swift */; };
		92D1FC2A281BE58100BFE4B7 /* CartListTableViewCell1.xib in Resources */ = {isa = PBXBuildFile; fileRef = 92D1FC28281BE58100BFE4B7 /* CartListTableViewCell1.xib */; };
		92D1FC2D281BE58F00BFE4B7 /* CartListTableViewCell2.swift in Sources */ = {isa = PBXBuildFile; fileRef = 92D1FC2B281BE58F00BFE4B7 /* CartListTableViewCell2.swift */; };
		92D1FC2E281BE58F00BFE4B7 /* CartListTableViewCell2.xib in Resources */ = {isa = PBXBuildFile; fileRef = 92D1FC2C281BE58F00BFE4B7 /* CartListTableViewCell2.xib */; };
		92D1FC30281BF1A600BFE4B7 /* Cart.swift in Sources */ = {isa = PBXBuildFile; fileRef = 92D1FC2F281BF1A600BFE4B7 /* Cart.swift */; };
		92D1FC32281BF6CA00BFE4B7 /* CartList.swift in Sources */ = {isa = PBXBuildFile; fileRef = 92D1FC31281BF6CA00BFE4B7 /* CartList.swift */; };
		C778E425E11368E1E072066B /* Pods_MUSINSA_CONVERSE.framework in Frameworks */ = {isa = PBXBuildFile; fileRef = C10F6CB0F6D7CDCEF64F8772 /* Pods_MUSINSA_CONVERSE.framework */; };
/* End PBXBuildFile section */

/* Begin PBXFileReference section */
		1EFCF2E84AD4B515292F9324 /* Pods-MUSINSA-CONVERSE.debug.xcconfig */ = {isa = PBXFileReference; includeInIndex = 1; lastKnownFileType = text.xcconfig; name = "Pods-MUSINSA-CONVERSE.debug.xcconfig"; path = "Target Support Files/Pods-MUSINSA-CONVERSE/Pods-MUSINSA-CONVERSE.debug.xcconfig"; sourceTree = "<group>"; };
		92248040281E432600AE45ED /* HomeTabbarProductViewController.swift */ = {isa = PBXFileReference; lastKnownFileType = sourcecode.swift; path = HomeTabbarProductViewController.swift; sourceTree = "<group>"; };
		92248042281E499600AE45ED /* HomeTabbarViewController.swift */ = {isa = PBXFileReference; lastKnownFileType = sourcecode.swift; name = HomeTabbarViewController.swift; path = "MUSINSA-CONVERSE/HomeTabbarViewController.swift"; sourceTree = SOURCE_ROOT; };
		9233C0452819B8060062E106 /* MUSINSA-CONVERSE.app */ = {isa = PBXFileReference; explicitFileType = wrapper.application; includeInIndex = 0; path = "MUSINSA-CONVERSE.app"; sourceTree = BUILT_PRODUCTS_DIR; };
		9233C0482819B8060062E106 /* AppDelegate.swift */ = {isa = PBXFileReference; lastKnownFileType = sourcecode.swift; path = AppDelegate.swift; sourceTree = "<group>"; };
		9233C04A2819B8060062E106 /* SceneDelegate.swift */ = {isa = PBXFileReference; lastKnownFileType = sourcecode.swift; path = SceneDelegate.swift; sourceTree = "<group>"; };
		9233C04F2819B8060062E106 /* Base */ = {isa = PBXFileReference; lastKnownFileType = file.storyboard; name = Base; path = Base.lproj/Main.storyboard; sourceTree = "<group>"; };
		9233C0512819B8070062E106 /* Assets.xcassets */ = {isa = PBXFileReference; lastKnownFileType = folder.assetcatalog; path = Assets.xcassets; sourceTree = "<group>"; };
		9233C0542819B8070062E106 /* Base */ = {isa = PBXFileReference; lastKnownFileType = file.storyboard; name = Base; path = Base.lproj/LaunchScreen.storyboard; sourceTree = "<group>"; };
		9233C0562819B8070062E106 /* Info.plist */ = {isa = PBXFileReference; lastKnownFileType = text.plist.xml; path = Info.plist; sourceTree = "<group>"; };
		9233C05C2819C3270062E106 /* TabBarController.swift */ = {isa = PBXFileReference; lastKnownFileType = sourcecode.swift; path = TabBarController.swift; sourceTree = "<group>"; };
		9233C05E2819C4A10062E106 /* HomeViewController.swift */ = {isa = PBXFileReference; lastKnownFileType = sourcecode.swift; path = HomeViewController.swift; sourceTree = "<group>"; };
		9233C0642819EB700062E106 /* BannerCell.swift */ = {isa = PBXFileReference; lastKnownFileType = sourcecode.swift; path = BannerCell.swift; sourceTree = "<group>"; };
		9233C0652819EB700062E106 /* BannerCell.xib */ = {isa = PBXFileReference; lastKnownFileType = file.xib; path = BannerCell.xib; sourceTree = "<group>"; };
		9233C072281A4A900062E106 /* FirstTabBarController.swift */ = {isa = PBXFileReference; lastKnownFileType = sourcecode.swift; path = FirstTabBarController.swift; sourceTree = "<group>"; };
		9233C074281A4A9D0062E106 /* SecondTabBarController.swift */ = {isa = PBXFileReference; lastKnownFileType = sourcecode.swift; path = SecondTabBarController.swift; sourceTree = "<group>"; };
		9233C076281A512A0062E106 /* TabManBarViewController.swift */ = {isa = PBXFileReference; lastKnownFileType = sourcecode.swift; path = TabManBarViewController.swift; sourceTree = "<group>"; };
		9233C093281A81160062E106 /* RankingCell.swift */ = {isa = PBXFileReference; lastKnownFileType = sourcecode.swift; path = RankingCell.swift; sourceTree = "<group>"; };
		9233C094281A81160062E106 /* RankingCell.xib */ = {isa = PBXFileReference; lastKnownFileType = file.xib; path = RankingCell.xib; sourceTree = "<group>"; };
		9233C097281AB71F0062E106 /* Data.swift */ = {isa = PBXFileReference; lastKnownFileType = sourcecode.swift; path = Data.swift; sourceTree = "<group>"; };
		9233C099281ADA5C0062E106 /* ProductCell2.swift */ = {isa = PBXFileReference; lastKnownFileType = sourcecode.swift; path = ProductCell2.swift; sourceTree = "<group>"; };
		9233C09A281ADA5C0062E106 /* ProductCell2.xib */ = {isa = PBXFileReference; lastKnownFileType = file.xib; path = ProductCell2.xib; sourceTree = "<group>"; };
		9233C09D281ADDEB0062E106 /* ProductCell.swift */ = {isa = PBXFileReference; lastKnownFileType = sourcecode.swift; path = ProductCell.swift; sourceTree = "<group>"; };
		9233C09E281ADDEB0062E106 /* ProductCell.xib */ = {isa = PBXFileReference; lastKnownFileType = file.xib; path = ProductCell.xib; sourceTree = "<group>"; };
		92D1FC15281B9AA700BFE4B7 /* PurchaseViewController.swift */ = {isa = PBXFileReference; lastKnownFileType = sourcecode.swift; path = PurchaseViewController.swift; sourceTree = "<group>"; };
		92D1FC17281BA3AB00BFE4B7 /* OptionTableViewCell1.swift */ = {isa = PBXFileReference; lastKnownFileType = sourcecode.swift; path = OptionTableViewCell1.swift; sourceTree = "<group>"; };
		92D1FC18281BA3AB00BFE4B7 /* OptionTableViewCell1.xib */ = {isa = PBXFileReference; lastKnownFileType = file.xib; path = OptionTableViewCell1.xib; sourceTree = "<group>"; };
		92D1FC1B281BA3BA00BFE4B7 /* OptionTableViewCell2.swift */ = {isa = PBXFileReference; lastKnownFileType = sourcecode.swift; path = OptionTableViewCell2.swift; sourceTree = "<group>"; };
		92D1FC1C281BA3BA00BFE4B7 /* OptionTableViewCell2.xib */ = {isa = PBXFileReference; lastKnownFileType = file.xib; path = OptionTableViewCell2.xib; sourceTree = "<group>"; };
		92D1FC1F281BA55100BFE4B7 /* OptionListViewController.swift */ = {isa = PBXFileReference; lastKnownFileType = sourcecode.swift; path = OptionListViewController.swift; sourceTree = "<group>"; };
		92D1FC23281BC2D700BFE4B7 /* ProductViewController.swift */ = {isa = PBXFileReference; fileEncoding = 4; lastKnownFileType = sourcecode.swift; path = ProductViewController.swift; sourceTree = "<group>"; };
		92D1FC25281BD9FF00BFE4B7 /* CartViewController.swift */ = {isa = PBXFileReference; lastKnownFileType = sourcecode.swift; path = CartViewController.swift; sourceTree = "<group>"; };
		92D1FC27281BE58100BFE4B7 /* CartListTableViewCell1.swift */ = {isa = PBXFileReference; lastKnownFileType = sourcecode.swift; path = CartListTableViewCell1.swift; sourceTree = "<group>"; };
		92D1FC28281BE58100BFE4B7 /* CartListTableViewCell1.xib */ = {isa = PBXFileReference; lastKnownFileType = file.xib; path = CartListTableViewCell1.xib; sourceTree = "<group>"; };
		92D1FC2B281BE58F00BFE4B7 /* CartListTableViewCell2.swift */ = {isa = PBXFileReference; lastKnownFileType = sourcecode.swift; path = CartListTableViewCell2.swift; sourceTree = "<group>"; };
		92D1FC2C281BE58F00BFE4B7 /* CartListTableViewCell2.xib */ = {isa = PBXFileReference; lastKnownFileType = file.xib; path = CartListTableViewCell2.xib; sourceTree = "<group>"; };
		92D1FC2F281BF1A600BFE4B7 /* Cart.swift */ = {isa = PBXFileReference; lastKnownFileType = sourcecode.swift; path = Cart.swift; sourceTree = "<group>"; };
		92D1FC31281BF6CA00BFE4B7 /* CartList.swift */ = {isa = PBXFileReference; lastKnownFileType = sourcecode.swift; path = CartList.swift; sourceTree = "<group>"; };
		C10F6CB0F6D7CDCEF64F8772 /* Pods_MUSINSA_CONVERSE.framework */ = {isa = PBXFileReference; explicitFileType = wrapper.framework; includeInIndex = 0; path = Pods_MUSINSA_CONVERSE.framework; sourceTree = BUILT_PRODUCTS_DIR; };
		ED23830CA5290147BFED6F1A /* Pods-MUSINSA-CONVERSE.release.xcconfig */ = {isa = PBXFileReference; includeInIndex = 1; lastKnownFileType = text.xcconfig; name = "Pods-MUSINSA-CONVERSE.release.xcconfig"; path = "Target Support Files/Pods-MUSINSA-CONVERSE/Pods-MUSINSA-CONVERSE.release.xcconfig"; sourceTree = "<group>"; };
/* End PBXFileReference section */

/* Begin PBXFrameworksBuildPhase section */
		9233C0422819B8060062E106 /* Frameworks */ = {
			isa = PBXFrameworksBuildPhase;
			buildActionMask = 2147483647;
			files = (
				C778E425E11368E1E072066B /* Pods_MUSINSA_CONVERSE.framework in Frameworks */,
			);
			runOnlyForDeploymentPostprocessing = 0;
		};
/* End PBXFrameworksBuildPhase section */

/* Begin PBXGroup section */
		422D94EC3EE9FC4B7E2FCE1E /* Frameworks */ = {
			isa = PBXGroup;
			children = (
				C10F6CB0F6D7CDCEF64F8772 /* Pods_MUSINSA_CONVERSE.framework */,
			);
			name = Frameworks;
			sourceTree = "<group>";
		};
		50BFF978F084FC0FD1721BA6 /* Pods */ = {
			isa = PBXGroup;
			children = (
				1EFCF2E84AD4B515292F9324 /* Pods-MUSINSA-CONVERSE.debug.xcconfig */,
				ED23830CA5290147BFED6F1A /* Pods-MUSINSA-CONVERSE.release.xcconfig */,
			);
			path = Pods;
			sourceTree = "<group>";
		};
		9233C03C2819B8060062E106 = {
			isa = PBXGroup;
			children = (
				92248040281E432600AE45ED /* HomeTabbarProductViewController.swift */,
				9233C0472819B8060062E106 /* MUSINSA-CONVERSE */,
				9233C0462819B8060062E106 /* Products */,
				50BFF978F084FC0FD1721BA6 /* Pods */,
				422D94EC3EE9FC4B7E2FCE1E /* Frameworks */,
			);
			sourceTree = "<group>";
		};
		9233C0462819B8060062E106 /* Products */ = {
			isa = PBXGroup;
			children = (
				9233C0452819B8060062E106 /* MUSINSA-CONVERSE.app */,
			);
			name = Products;
			sourceTree = "<group>";
		};
		9233C0472819B8060062E106 /* MUSINSA-CONVERSE */ = {
			isa = PBXGroup;
			children = (
				925BDECC281D845600B6F872 /* Resources */,
				9233C05C2819C3270062E106 /* TabBarController.swift */,
				92248042281E499600AE45ED /* HomeTabbarViewController.swift */,
				92D1FC25281BD9FF00BFE4B7 /* CartViewController.swift */,
				92D1FC31281BF6CA00BFE4B7 /* CartList.swift */,
				9233C094281A81160062E106 /* RankingCell.xib */,
				9233C093281A81160062E106 /* RankingCell.swift */,
				9233C097281AB71F0062E106 /* Data.swift */,
				92D1FC1F281BA55100BFE4B7 /* OptionListViewController.swift */,
				92D1FC17281BA3AB00BFE4B7 /* OptionTableViewCell1.swift */,
				92D1FC1B281BA3BA00BFE4B7 /* OptionTableViewCell2.swift */,
				92D1FC1C281BA3BA00BFE4B7 /* OptionTableViewCell2.xib */,
				92D1FC18281BA3AB00BFE4B7 /* OptionTableViewCell1.xib */,
				92D1FC15281B9AA700BFE4B7 /* PurchaseViewController.swift */,
				9233C05E2819C4A10062E106 /* HomeViewController.swift */,
				9233C099281ADA5C0062E106 /* ProductCell2.swift */,
				92D1FC23281BC2D700BFE4B7 /* ProductViewController.swift */,
				9233C09A281ADA5C0062E106 /* ProductCell2.xib */,
				9233C09D281ADDEB0062E106 /* ProductCell.swift */,
				9233C09E281ADDEB0062E106 /* ProductCell.xib */,
				9233C0652819EB700062E106 /* BannerCell.xib */,
				9233C0642819EB700062E106 /* BannerCell.swift */,
				9233C076281A512A0062E106 /* TabManBarViewController.swift */,
				9233C072281A4A900062E106 /* FirstTabBarController.swift */,
				92D1FC27281BE58100BFE4B7 /* CartListTableViewCell1.swift */,
				92D1FC2B281BE58F00BFE4B7 /* CartListTableViewCell2.swift */,
				92D1FC2C281BE58F00BFE4B7 /* CartListTableViewCell2.xib */,
				92D1FC2F281BF1A600BFE4B7 /* Cart.swift */,
				92D1FC28281BE58100BFE4B7 /* CartListTableViewCell1.xib */,
				9233C074281A4A9D0062E106 /* SecondTabBarController.swift */,
				9233C0532819B8070062E106 /* LaunchScreen.storyboard */,
				9233C0562819B8070062E106 /* Info.plist */,
			);
			path = "MUSINSA-CONVERSE";
			sourceTree = "<group>";
		};
		925BDECC281D845600B6F872 /* Resources */ = {
			isa = PBXGroup;
			children = (
				9233C0512819B8070062E106 /* Assets.xcassets */,
				9233C0482819B8060062E106 /* AppDelegate.swift */,
				9233C04A2819B8060062E106 /* SceneDelegate.swift */,
				925BDECD281D846C00B6F872 /* Storyboards */,
			);
			path = Resources;
			sourceTree = "<group>";
		};
		925BDECD281D846C00B6F872 /* Storyboards */ = {
			isa = PBXGroup;
			children = (
				9233C04E2819B8060062E106 /* Main.storyboard */,
			);
			path = Storyboards;
			sourceTree = "<group>";
		};
/* End PBXGroup section */

/* Begin PBXNativeTarget section */
		9233C0442819B8060062E106 /* MUSINSA-CONVERSE */ = {
			isa = PBXNativeTarget;
			buildConfigurationList = 9233C0592819B8070062E106 /* Build configuration list for PBXNativeTarget "MUSINSA-CONVERSE" */;
			buildPhases = (
				2EFFC3CCE8C20A46AB0CC16A /* [CP] Check Pods Manifest.lock */,
				9233C0412819B8060062E106 /* Sources */,
				9233C0422819B8060062E106 /* Frameworks */,
				9233C0432819B8060062E106 /* Resources */,
				466F7A431006B5EBDB642EF1 /* [CP] Embed Pods Frameworks */,
			);
			buildRules = (
			);
			dependencies = (
			);
			name = "MUSINSA-CONVERSE";
			productName = "MUSINSA-CONVERSE";
			productReference = 9233C0452819B8060062E106 /* MUSINSA-CONVERSE.app */;
			productType = "com.apple.product-type.application";
		};
/* End PBXNativeTarget section */

/* Begin PBXProject section */
		9233C03D2819B8060062E106 /* Project object */ = {
			isa = PBXProject;
			attributes = {
				BuildIndependentTargetsInParallel = 1;
				LastSwiftUpdateCheck = 1320;
				LastUpgradeCheck = 1320;
				TargetAttributes = {
					9233C0442819B8060062E106 = {
						CreatedOnToolsVersion = 13.2.1;
					};
				};
			};
			buildConfigurationList = 9233C0402819B8060062E106 /* Build configuration list for PBXProject "MUSINSA-CONVERSE" */;
			compatibilityVersion = "Xcode 13.0";
			developmentRegion = en;
			hasScannedForEncodings = 0;
			knownRegions = (
				en,
				Base,
			);
			mainGroup = 9233C03C2819B8060062E106;
			productRefGroup = 9233C0462819B8060062E106 /* Products */;
			projectDirPath = "";
			projectRoot = "";
			targets = (
				9233C0442819B8060062E106 /* MUSINSA-CONVERSE */,
			);
		};
/* End PBXProject section */

/* Begin PBXResourcesBuildPhase section */
		9233C0432819B8060062E106 /* Resources */ = {
			isa = PBXResourcesBuildPhase;
			buildActionMask = 2147483647;
			files = (
				92D1FC1E281BA3BA00BFE4B7 /* OptionTableViewCell2.xib in Resources */,
				92D1FC2A281BE58100BFE4B7 /* CartListTableViewCell1.xib in Resources */,
				9233C096281A81160062E106 /* RankingCell.xib in Resources */,
				92D1FC2E281BE58F00BFE4B7 /* CartListTableViewCell2.xib in Resources */,
				9233C0552819B8070062E106 /* LaunchScreen.storyboard in Resources */,
				9233C09C281ADA5C0062E106 /* ProductCell2.xib in Resources */,
				9233C0672819EB700062E106 /* BannerCell.xib in Resources */,
				9233C0A0281ADDEB0062E106 /* ProductCell.xib in Resources */,
				9233C0522819B8070062E106 /* Assets.xcassets in Resources */,
				9233C0502819B8060062E106 /* Main.storyboard in Resources */,
				92D1FC1A281BA3AB00BFE4B7 /* OptionTableViewCell1.xib in Resources */,
			);
			runOnlyForDeploymentPostprocessing = 0;
		};
/* End PBXResourcesBuildPhase section */

/* Begin PBXShellScriptBuildPhase section */
		2EFFC3CCE8C20A46AB0CC16A /* [CP] Check Pods Manifest.lock */ = {
			isa = PBXShellScriptBuildPhase;
			buildActionMask = 2147483647;
			files = (
			);
			inputFileListPaths = (
			);
			inputPaths = (
				"${PODS_PODFILE_DIR_PATH}/Podfile.lock",
				"${PODS_ROOT}/Manifest.lock",
			);
			name = "[CP] Check Pods Manifest.lock";
			outputFileListPaths = (
			);
			outputPaths = (
				"$(DERIVED_FILE_DIR)/Pods-MUSINSA-CONVERSE-checkManifestLockResult.txt",
			);
			runOnlyForDeploymentPostprocessing = 0;
			shellPath = /bin/sh;
			shellScript = "diff \"${PODS_PODFILE_DIR_PATH}/Podfile.lock\" \"${PODS_ROOT}/Manifest.lock\" > /dev/null\nif [ $? != 0 ] ; then\n    # print error to STDERR\n    echo \"error: The sandbox is not in sync with the Podfile.lock. Run 'pod install' or update your CocoaPods installation.\" >&2\n    exit 1\nfi\n# This output is used by Xcode 'outputs' to avoid re-running this script phase.\necho \"SUCCESS\" > \"${SCRIPT_OUTPUT_FILE_0}\"\n";
			showEnvVarsInLog = 0;
		};
		466F7A431006B5EBDB642EF1 /* [CP] Embed Pods Frameworks */ = {
			isa = PBXShellScriptBuildPhase;
			buildActionMask = 2147483647;
			files = (
			);
			inputFileListPaths = (
				"${PODS_ROOT}/Target Support Files/Pods-MUSINSA-CONVERSE/Pods-MUSINSA-CONVERSE-frameworks-${CONFIGURATION}-input-files.xcfilelist",
			);
			name = "[CP] Embed Pods Frameworks";
			outputFileListPaths = (
				"${PODS_ROOT}/Target Support Files/Pods-MUSINSA-CONVERSE/Pods-MUSINSA-CONVERSE-frameworks-${CONFIGURATION}-output-files.xcfilelist",
			);
			runOnlyForDeploymentPostprocessing = 0;
			shellPath = /bin/sh;
			shellScript = "\"${PODS_ROOT}/Target Support Files/Pods-MUSINSA-CONVERSE/Pods-MUSINSA-CONVERSE-frameworks.sh\"\n";
			showEnvVarsInLog = 0;
		};
/* End PBXShellScriptBuildPhase section */

/* Begin PBXSourcesBuildPhase section */
		9233C0412819B8060062E106 /* Sources */ = {
			isa = PBXSourcesBuildPhase;
			buildActionMask = 2147483647;
			files = (
				9233C098281AB71F0062E106 /* Data.swift in Sources */,
				92D1FC29281BE58100BFE4B7 /* CartListTableViewCell1.swift in Sources */,
				9233C0662819EB700062E106 /* BannerCell.swift in Sources */,
				92D1FC30281BF1A600BFE4B7 /* Cart.swift in Sources */,
				92248043281E499600AE45ED /* HomeTabbarViewController.swift in Sources */,
				92D1FC2D281BE58F00BFE4B7 /* CartListTableViewCell2.swift in Sources */,
				9233C077281A512A0062E106 /* TabManBarViewController.swift in Sources */,
				92248041281E432600AE45ED /* HomeTabbarProductViewController.swift in Sources */,
				9233C075281A4A9D0062E106 /* SecondTabBarController.swift in Sources */,
				9233C05D2819C3270062E106 /* TabBarController.swift in Sources */,
				92D1FC20281BA55100BFE4B7 /* OptionListViewController.swift in Sources */,
				9233C0492819B8060062E106 /* AppDelegate.swift in Sources */,
				9233C095281A81160062E106 /* RankingCell.swift in Sources */,
				9233C04B2819B8060062E106 /* SceneDelegate.swift in Sources */,
				9233C09F281ADDEB0062E106 /* ProductCell.swift in Sources */,
				92D1FC26281BD9FF00BFE4B7 /* CartViewController.swift in Sources */,
				92D1FC24281BC2D700BFE4B7 /* ProductViewController.swift in Sources */,
				9233C073281A4A900062E106 /* FirstTabBarController.swift in Sources */,
				9233C09B281ADA5C0062E106 /* ProductCell2.swift in Sources */,
				92D1FC32281BF6CA00BFE4B7 /* CartList.swift in Sources */,
				9233C05F2819C4A10062E106 /* HomeViewController.swift in Sources */,
				92D1FC19281BA3AB00BFE4B7 /* OptionTableViewCell1.swift in Sources */,
				92D1FC16281B9AA700BFE4B7 /* PurchaseViewController.swift in Sources */,
				92D1FC1D281BA3BA00BFE4B7 /* OptionTableViewCell2.swift in Sources */,
			);
			runOnlyForDeploymentPostprocessing = 0;
		};
/* End PBXSourcesBuildPhase section */

/* Begin PBXVariantGroup section */
		9233C04E2819B8060062E106 /* Main.storyboard */ = {
			isa = PBXVariantGroup;
			children = (
				9233C04F2819B8060062E106 /* Base */,
			);
			name = Main.storyboard;
			sourceTree = "<group>";
		};
		9233C0532819B8070062E106 /* LaunchScreen.storyboard */ = {
			isa = PBXVariantGroup;
			children = (
				9233C0542819B8070062E106 /* Base */,
			);
			name = LaunchScreen.storyboard;
			sourceTree = "<group>";
		};
/* End PBXVariantGroup section */

/* Begin XCBuildConfiguration section */
		9233C0572819B8070062E106 /* Debug */ = {
			isa = XCBuildConfiguration;
			buildSettings = {
				ALWAYS_SEARCH_USER_PATHS = NO;
				CLANG_ANALYZER_NONNULL = YES;
				CLANG_ANALYZER_NUMBER_OBJECT_CONVERSION = YES_AGGRESSIVE;
				CLANG_CXX_LANGUAGE_STANDARD = "gnu++17";
				CLANG_CXX_LIBRARY = "libc++";
				CLANG_ENABLE_MODULES = YES;
				CLANG_ENABLE_OBJC_ARC = YES;
				CLANG_ENABLE_OBJC_WEAK = YES;
				CLANG_WARN_BLOCK_CAPTURE_AUTORELEASING = YES;
				CLANG_WARN_BOOL_CONVERSION = YES;
				CLANG_WARN_COMMA = YES;
				CLANG_WARN_CONSTANT_CONVERSION = YES;
				CLANG_WARN_DEPRECATED_OBJC_IMPLEMENTATIONS = YES;
				CLANG_WARN_DIRECT_OBJC_ISA_USAGE = YES_ERROR;
				CLANG_WARN_DOCUMENTATION_COMMENTS = YES;
				CLANG_WARN_EMPTY_BODY = YES;
				CLANG_WARN_ENUM_CONVERSION = YES;
				CLANG_WARN_INFINITE_RECURSION = YES;
				CLANG_WARN_INT_CONVERSION = YES;
				CLANG_WARN_NON_LITERAL_NULL_CONVERSION = YES;
				CLANG_WARN_OBJC_IMPLICIT_RETAIN_SELF = YES;
				CLANG_WARN_OBJC_LITERAL_CONVERSION = YES;
				CLANG_WARN_OBJC_ROOT_CLASS = YES_ERROR;
				CLANG_WARN_QUOTED_INCLUDE_IN_FRAMEWORK_HEADER = YES;
				CLANG_WARN_RANGE_LOOP_ANALYSIS = YES;
				CLANG_WARN_STRICT_PROTOTYPES = YES;
				CLANG_WARN_SUSPICIOUS_MOVE = YES;
				CLANG_WARN_UNGUARDED_AVAILABILITY = YES_AGGRESSIVE;
				CLANG_WARN_UNREACHABLE_CODE = YES;
				CLANG_WARN__DUPLICATE_METHOD_MATCH = YES;
				COPY_PHASE_STRIP = NO;
				DEBUG_INFORMATION_FORMAT = dwarf;
				ENABLE_STRICT_OBJC_MSGSEND = YES;
				ENABLE_TESTABILITY = YES;
				GCC_C_LANGUAGE_STANDARD = gnu11;
				GCC_DYNAMIC_NO_PIC = NO;
				GCC_NO_COMMON_BLOCKS = YES;
				GCC_OPTIMIZATION_LEVEL = 0;
				GCC_PREPROCESSOR_DEFINITIONS = (
					"DEBUG=1",
					"$(inherited)",
				);
				GCC_WARN_64_TO_32_BIT_CONVERSION = YES;
				GCC_WARN_ABOUT_RETURN_TYPE = YES_ERROR;
				GCC_WARN_UNDECLARED_SELECTOR = YES;
				GCC_WARN_UNINITIALIZED_AUTOS = YES_AGGRESSIVE;
				GCC_WARN_UNUSED_FUNCTION = YES;
				GCC_WARN_UNUSED_VARIABLE = YES;
				IPHONEOS_DEPLOYMENT_TARGET = 15.2;
				MTL_ENABLE_DEBUG_INFO = INCLUDE_SOURCE;
				MTL_FAST_MATH = YES;
				ONLY_ACTIVE_ARCH = YES;
				SDKROOT = iphoneos;
				SWIFT_ACTIVE_COMPILATION_CONDITIONS = DEBUG;
				SWIFT_OPTIMIZATION_LEVEL = "-Onone";
			};
			name = Debug;
		};
		9233C0582819B8070062E106 /* Release */ = {
			isa = XCBuildConfiguration;
			buildSettings = {
				ALWAYS_SEARCH_USER_PATHS = NO;
				CLANG_ANALYZER_NONNULL = YES;
				CLANG_ANALYZER_NUMBER_OBJECT_CONVERSION = YES_AGGRESSIVE;
				CLANG_CXX_LANGUAGE_STANDARD = "gnu++17";
				CLANG_CXX_LIBRARY = "libc++";
				CLANG_ENABLE_MODULES = YES;
				CLANG_ENABLE_OBJC_ARC = YES;
				CLANG_ENABLE_OBJC_WEAK = YES;
				CLANG_WARN_BLOCK_CAPTURE_AUTORELEASING = YES;
				CLANG_WARN_BOOL_CONVERSION = YES;
				CLANG_WARN_COMMA = YES;
				CLANG_WARN_CONSTANT_CONVERSION = YES;
				CLANG_WARN_DEPRECATED_OBJC_IMPLEMENTATIONS = YES;
				CLANG_WARN_DIRECT_OBJC_ISA_USAGE = YES_ERROR;
				CLANG_WARN_DOCUMENTATION_COMMENTS = YES;
				CLANG_WARN_EMPTY_BODY = YES;
				CLANG_WARN_ENUM_CONVERSION = YES;
				CLANG_WARN_INFINITE_RECURSION = YES;
				CLANG_WARN_INT_CONVERSION = YES;
				CLANG_WARN_NON_LITERAL_NULL_CONVERSION = YES;
				CLANG_WARN_OBJC_IMPLICIT_RETAIN_SELF = YES;
				CLANG_WARN_OBJC_LITERAL_CONVERSION = YES;
				CLANG_WARN_OBJC_ROOT_CLASS = YES_ERROR;
				CLANG_WARN_QUOTED_INCLUDE_IN_FRAMEWORK_HEADER = YES;
				CLANG_WARN_RANGE_LOOP_ANALYSIS = YES;
				CLANG_WARN_STRICT_PROTOTYPES = YES;
				CLANG_WARN_SUSPICIOUS_MOVE = YES;
				CLANG_WARN_UNGUARDED_AVAILABILITY = YES_AGGRESSIVE;
				CLANG_WARN_UNREACHABLE_CODE = YES;
				CLANG_WARN__DUPLICATE_METHOD_MATCH = YES;
				COPY_PHASE_STRIP = NO;
				DEBUG_INFORMATION_FORMAT = "dwarf-with-dsym";
				ENABLE_NS_ASSERTIONS = NO;
				ENABLE_STRICT_OBJC_MSGSEND = YES;
				GCC_C_LANGUAGE_STANDARD = gnu11;
				GCC_NO_COMMON_BLOCKS = YES;
				GCC_WARN_64_TO_32_BIT_CONVERSION = YES;
				GCC_WARN_ABOUT_RETURN_TYPE = YES_ERROR;
				GCC_WARN_UNDECLARED_SELECTOR = YES;
				GCC_WARN_UNINITIALIZED_AUTOS = YES_AGGRESSIVE;
				GCC_WARN_UNUSED_FUNCTION = YES;
				GCC_WARN_UNUSED_VARIABLE = YES;
				IPHONEOS_DEPLOYMENT_TARGET = 15.2;
				MTL_ENABLE_DEBUG_INFO = NO;
				MTL_FAST_MATH = YES;
				SDKROOT = iphoneos;
				SWIFT_COMPILATION_MODE = wholemodule;
				SWIFT_OPTIMIZATION_LEVEL = "-O";
				VALIDATE_PRODUCT = YES;
			};
			name = Release;
		};
		9233C05A2819B8070062E106 /* Debug */ = {
			isa = XCBuildConfiguration;
			baseConfigurationReference = 1EFCF2E84AD4B515292F9324 /* Pods-MUSINSA-CONVERSE.debug.xcconfig */;
			buildSettings = {
				ASSETCATALOG_COMPILER_APPICON_NAME = AppIcon;
				ASSETCATALOG_COMPILER_GLOBAL_ACCENT_COLOR_NAME = AccentColor;
				CODE_SIGN_STYLE = Automatic;
				CURRENT_PROJECT_VERSION = 1;
				DEVELOPMENT_TEAM = U4YRB4XYPR;
				GENERATE_INFOPLIST_FILE = YES;
				INFOPLIST_FILE = "MUSINSA-CONVERSE/Info.plist";
				INFOPLIST_KEY_UIApplicationSupportsIndirectInputEvents = YES;
				INFOPLIST_KEY_UILaunchStoryboardName = LaunchScreen;
				INFOPLIST_KEY_UIMainStoryboardFile = Main;
				INFOPLIST_KEY_UISupportedInterfaceOrientations_iPad = "UIInterfaceOrientationPortrait UIInterfaceOrientationPortraitUpsideDown UIInterfaceOrientationLandscapeLeft UIInterfaceOrientationLandscapeRight";
				INFOPLIST_KEY_UISupportedInterfaceOrientations_iPhone = "UIInterfaceOrientationPortrait UIInterfaceOrientationLandscapeLeft UIInterfaceOrientationLandscapeRight";
				LD_RUNPATH_SEARCH_PATHS = (
					"$(inherited)",
					"@executable_path/Frameworks",
				);
				MARKETING_VERSION = 1.0;
				PRODUCT_BUNDLE_IDENTIFIER = "h.MUSINSA-CONVERSE";
				PRODUCT_NAME = "$(TARGET_NAME)";
				SWIFT_EMIT_LOC_STRINGS = YES;
				SWIFT_VERSION = 5.0;
				TARGETED_DEVICE_FAMILY = "1,2";
			};
			name = Debug;
		};
		9233C05B2819B8070062E106 /* Release */ = {
			isa = XCBuildConfiguration;
			baseConfigurationReference = ED23830CA5290147BFED6F1A /* Pods-MUSINSA-CONVERSE.release.xcconfig */;
			buildSettings = {
				ASSETCATALOG_COMPILER_APPICON_NAME = AppIcon;
				ASSETCATALOG_COMPILER_GLOBAL_ACCENT_COLOR_NAME = AccentColor;
				CODE_SIGN_STYLE = Automatic;
				CURRENT_PROJECT_VERSION = 1;
				DEVELOPMENT_TEAM = U4YRB4XYPR;
				GENERATE_INFOPLIST_FILE = YES;
				INFOPLIST_FILE = "MUSINSA-CONVERSE/Info.plist";
				INFOPLIST_KEY_UIApplicationSupportsIndirectInputEvents = YES;
				INFOPLIST_KEY_UILaunchStoryboardName = LaunchScreen;
				INFOPLIST_KEY_UIMainStoryboardFile = Main;
				INFOPLIST_KEY_UISupportedInterfaceOrientations_iPad = "UIInterfaceOrientationPortrait UIInterfaceOrientationPortraitUpsideDown UIInterfaceOrientationLandscapeLeft UIInterfaceOrientationLandscapeRight";
				INFOPLIST_KEY_UISupportedInterfaceOrientations_iPhone = "UIInterfaceOrientationPortrait UIInterfaceOrientationLandscapeLeft UIInterfaceOrientationLandscapeRight";
				LD_RUNPATH_SEARCH_PATHS = (
					"$(inherited)",
					"@executable_path/Frameworks",
				);
				MARKETING_VERSION = 1.0;
				PRODUCT_BUNDLE_IDENTIFIER = "h.MUSINSA-CONVERSE";
				PRODUCT_NAME = "$(TARGET_NAME)";
				SWIFT_EMIT_LOC_STRINGS = YES;
				SWIFT_VERSION = 5.0;
				TARGETED_DEVICE_FAMILY = "1,2";
			};
			name = Release;
		};
/* End XCBuildConfiguration section */

/* Begin XCConfigurationList section */
		9233C0402819B8060062E106 /* Build configuration list for PBXProject "MUSINSA-CONVERSE" */ = {
			isa = XCConfigurationList;
			buildConfigurations = (
				9233C0572819B8070062E106 /* Debug */,
				9233C0582819B8070062E106 /* Release */,
			);
			defaultConfigurationIsVisible = 0;
			defaultConfigurationName = Release;
		};
		9233C0592819B8070062E106 /* Build configuration list for PBXNativeTarget "MUSINSA-CONVERSE" */ = {
			isa = XCConfigurationList;
			buildConfigurations = (
				9233C05A2819B8070062E106 /* Debug */,
				9233C05B2819B8070062E106 /* Release */,
			);
			defaultConfigurationIsVisible = 0;
			defaultConfigurationName = Release;
		};
/* End XCConfigurationList section */
	};
	rootObject = 9233C03D2819B8060062E106 /* Project object */;
}
